
Microsoft Visual Studio Solution File, Format Version 12.00
# Visual Studio Version 17
VisualStudioVersion = 17.7.34221.43
MinimumVisualStudioVersion = 10.0.40219.1
Project("{8BC9CEB8-8B4A-11D0-8D11-00A0C91BC942}") = "cpp_appl_46", "cpp_appl_46\cpp_appl_46.vcxproj", "{25DD485A-D742-428F-984B-D3514089D3F3}"
EndProject
Global
	GlobalSection(SolutionConfigurationPlatforms) = preSolution
		Debug|x64 = Debug|x64
		Debug|x86 = Debug|x86
		Release|x64 = Release|x64
		Release|x86 = Release|x86
	EndGlobalSection
	GlobalSection(ProjectConfigurationPlatforms) = postSolution
		{25DD485A-D742-428F-984B-D3514089D3F3}.Debug|x64.ActiveCfg = Debug|x64
		{25DD485A-D742-428F-984B-D3514089D3F3}.Debug|x64.Build.0 = Debug|x64
		{25DD485A-D742-428F-984B-D3514089D3F3}.Debug|x86.ActiveCfg = Debug|Win32
		{25DD485A-D742-428F-984B-D3514089D3F3}.Debug|x86.Build.0 = Debug|Win32
		{25DD485A-D742-428F-984B-D3514089D3F3}.Release|x64.ActiveCfg = Release|x64
		{25DD485A-D742-428F-984B-D3514089D3F3}.Release|x64.Build.0 = Release|x64
		{25DD485A-D742-428F-984B-D3514089D3F3}.Release|x86.ActiveCfg = Release|Win32
		{25DD485A-D742-428F-984B-D3514089D3F3}.Release|x86.Build.0 = Release|Win32
	EndGlobalSection
	GlobalSection(SolutionProperties) = preSolution
		HideSolutionNode = FALSE
	EndGlobalSection
	GlobalSection(ExtensibilityGlobals) = postSolution
		SolutionGuid = {43617419-AA62-40BA-9AF8-A0A0B0B1EE17}
	EndGlobalSection
EndGlobal
